
Microsoft Visual Studio Solution File, Format Version 12.00
# Visual Studio Version 16
VisualStudioVersion = 16.0.30503.244
MinimumVisualStudioVersion = 10.0.40219.1
Project("{FAE04EC0-301F-11D3-BF4B-00C04F79EFBC}") = "AspNetCoreMentoring", "AspNetCoreMentoring\AspNetCoreMentoring.csproj", "{FF4469DE-762B-469C-988F-772FABED57B3}"
EndProject
Project("{FAE04EC0-301F-11D3-BF4B-00C04F79EFBC}") = "GrpcService", "GrpcService\GrpcService.csproj", "{DAEEE637-2518-431A-9596-CEE39EED00F9}"
EndProject
Project("{FAE04EC0-301F-11D3-BF4B-00C04F79EFBC}") = "GrpcShared", "GrpcShared\GrpcShared.csproj", "{BA8823FF-A9BB-4190-99E0-9DDF58305ED9}"
EndProject
Global
	GlobalSection(SolutionConfigurationPlatforms) = preSolution
		Debug|Any CPU = Debug|Any CPU
		Release|Any CPU = Release|Any CPU
	EndGlobalSection
	GlobalSection(ProjectConfigurationPlatforms) = postSolution
		{FF4469DE-762B-469C-988F-772FABED57B3}.Debug|Any CPU.ActiveCfg = Debug|Any CPU
		{FF4469DE-762B-469C-988F-772FABED57B3}.Debug|Any CPU.Build.0 = Debug|Any CPU
		{FF4469DE-762B-469C-988F-772FABED57B3}.Release|Any CPU.ActiveCfg = Release|Any CPU
		{FF4469DE-762B-469C-988F-772FABED57B3}.Release|Any CPU.Build.0 = Release|Any CPU
		{DAEEE637-2518-431A-9596-CEE39EED00F9}.Debug|Any CPU.ActiveCfg = Debug|Any CPU
		{DAEEE637-2518-431A-9596-CEE39EED00F9}.Debug|Any CPU.Build.0 = Debug|Any CPU
		{DAEEE637-2518-431A-9596-CEE39EED00F9}.Release|Any CPU.ActiveCfg = Release|Any CPU
		{DAEEE637-2518-431A-9596-CEE39EED00F9}.Release|Any CPU.Build.0 = Release|Any CPU
		{BA8823FF-A9BB-4190-99E0-9DDF58305ED9}.Debug|Any CPU.ActiveCfg = Debug|Any CPU
		{BA8823FF-A9BB-4190-99E0-9DDF58305ED9}.Debug|Any CPU.Build.0 = Debug|Any CPU
		{BA8823FF-A9BB-4190-99E0-9DDF58305ED9}.Release|Any CPU.ActiveCfg = Release|Any CPU
		{BA8823FF-A9BB-4190-99E0-9DDF58305ED9}.Release|Any CPU.Build.0 = Release|Any CPU
	EndGlobalSection
	GlobalSection(SolutionProperties) = preSolution
		HideSolutionNode = FALSE
	EndGlobalSection
	GlobalSection(ExtensibilityGlobals) = postSolution
		SolutionGuid = {50FDCEF7-1C95-4801-8FAE-CF49435E9B79}
	EndGlobalSection
EndGlobal
